// !$*UTF8*$!
{
	archiveVersion = 1;
	classes = {
	};
	objectVersion = 46;
	objects = {

/* Begin PBXBuildFile section */
		1BE4B6911E71727D00094D2E /* GoogleService-Info.plist in Resources */ = {isa = PBXBuildFile; fileRef = 1BE4B6901E71727D00094D2E /* GoogleService-Info.plist */; };
		213C0772BD05B1EFC0B0AFEB /* libPods-BoF.a in Frameworks */ = {isa = PBXBuildFile; fileRef = 090FE909908A36D09D6E59F3 /* libPods-BoF.a */; };
		24E9E7A93AE04BE05E918F86 /* libPods-BoFUITests.a in Frameworks */ = {isa = PBXBuildFile; fileRef = AF3DBF28C4F00382084359B9 /* libPods-BoFUITests.a */; };
		2A8036EE1E5AFA6D0027C181 /* DTO.swift in Sources */ = {isa = PBXBuildFile; fileRef = 2A8036ED1E5AFA6D0027C181 /* DTO.swift */; };
		2A85435A1E57192D00543B58 /* AppDelegate.swift in Sources */ = {isa = PBXBuildFile; fileRef = 2A8543591E57192D00543B58 /* AppDelegate.swift */; };
		2A85435C1E57192D00543B58 /* ViewController.swift in Sources */ = {isa = PBXBuildFile; fileRef = 2A85435B1E57192D00543B58 /* ViewController.swift */; };
		2A85435F1E57192D00543B58 /* Main.storyboard in Resources */ = {isa = PBXBuildFile; fileRef = 2A85435D1E57192D00543B58 /* Main.storyboard */; };
		2A8543611E57192D00543B58 /* Assets.xcassets in Resources */ = {isa = PBXBuildFile; fileRef = 2A8543601E57192D00543B58 /* Assets.xcassets */; };
		2A8543641E57192D00543B58 /* LaunchScreen.storyboard in Resources */ = {isa = PBXBuildFile; fileRef = 2A8543621E57192D00543B58 /* LaunchScreen.storyboard */; };
		2A85436F1E57192D00543B58 /* BoFTests.swift in Sources */ = {isa = PBXBuildFile; fileRef = 2A85436E1E57192D00543B58 /* BoFTests.swift */; };
		2A85437A1E57192D00543B58 /* BoFUITests.swift in Sources */ = {isa = PBXBuildFile; fileRef = 2A8543791E57192D00543B58 /* BoFUITests.swift */; };
		2A8543881E57273800543B58 /* JoinViewController.swift in Sources */ = {isa = PBXBuildFile; fileRef = 2A8543871E57273800543B58 /* JoinViewController.swift */; };
		2A85438A1E57289500543B58 /* SetupViewController.swift in Sources */ = {isa = PBXBuildFile; fileRef = 2A8543891E57289500543B58 /* SetupViewController.swift */; };
		2A9FC14F1E6D5A270035FE68 /* BetweenViewController.swift in Sources */ = {isa = PBXBuildFile; fileRef = 2A9FC14E1E6D5A270035FE68 /* BetweenViewController.swift */; };
		2A9FC1511E6D621A0035FE68 /* PlayViewController.swift in Sources */ = {isa = PBXBuildFile; fileRef = 2A9FC1501E6D621A0035FE68 /* PlayViewController.swift */; };
		506B68DAED8A711FD6AD1BCC /* libPods-BoFTests.a in Frameworks */ = {isa = PBXBuildFile; fileRef = 3954DBC8C9240400841293DD /* libPods-BoFTests.a */; };
/* End PBXBuildFile section */

/* Begin PBXContainerItemProxy section */
		2A85436B1E57192D00543B58 /* PBXContainerItemProxy */ = {
			isa = PBXContainerItemProxy;
			containerPortal = 2A85434E1E57192D00543B58 /* Project object */;
			proxyType = 1;
			remoteGlobalIDString = 2A8543551E57192D00543B58;
			remoteInfo = BoF;
		};
		2A8543761E57192D00543B58 /* PBXContainerItemProxy */ = {
			isa = PBXContainerItemProxy;
			containerPortal = 2A85434E1E57192D00543B58 /* Project object */;
			proxyType = 1;
			remoteGlobalIDString = 2A8543551E57192D00543B58;
			remoteInfo = BoF;
		};
/* End PBXContainerItemProxy section */

/* Begin PBXFileReference section */
		090FE909908A36D09D6E59F3 /* libPods-BoF.a */ = {isa = PBXFileReference; explicitFileType = archive.ar; includeInIndex = 0; path = "libPods-BoF.a"; sourceTree = BUILT_PRODUCTS_DIR; };
		1BE4B6901E71727D00094D2E /* GoogleService-Info.plist */ = {isa = PBXFileReference; fileEncoding = 4; lastKnownFileType = text.plist.xml; path = "GoogleService-Info.plist"; sourceTree = "<group>"; };
		2A8036ED1E5AFA6D0027C181 /* DTO.swift */ = {isa = PBXFileReference; fileEncoding = 4; lastKnownFileType = sourcecode.swift; path = DTO.swift; sourceTree = "<group>"; };
		2A8543561E57192D00543B58 /* BoF.app */ = {isa = PBXFileReference; explicitFileType = wrapper.application; includeInIndex = 0; path = BoF.app; sourceTree = BUILT_PRODUCTS_DIR; };
		2A8543591E57192D00543B58 /* AppDelegate.swift */ = {isa = PBXFileReference; lastKnownFileType = sourcecode.swift; path = AppDelegate.swift; sourceTree = "<group>"; };
		2A85435B1E57192D00543B58 /* ViewController.swift */ = {isa = PBXFileReference; lastKnownFileType = sourcecode.swift; path = ViewController.swift; sourceTree = "<group>"; };
		2A85435E1E57192D00543B58 /* Base */ = {isa = PBXFileReference; lastKnownFileType = file.storyboard; name = Base; path = Base.lproj/Main.storyboard; sourceTree = "<group>"; };
		2A8543601E57192D00543B58 /* Assets.xcassets */ = {isa = PBXFileReference; lastKnownFileType = folder.assetcatalog; path = Assets.xcassets; sourceTree = "<group>"; };
		2A8543631E57192D00543B58 /* Base */ = {isa = PBXFileReference; lastKnownFileType = file.storyboard; name = Base; path = Base.lproj/LaunchScreen.storyboard; sourceTree = "<group>"; };
		2A8543651E57192D00543B58 /* Info.plist */ = {isa = PBXFileReference; lastKnownFileType = text.plist.xml; path = Info.plist; sourceTree = "<group>"; };
		2A85436A1E57192D00543B58 /* BoFTests.xctest */ = {isa = PBXFileReference; explicitFileType = wrapper.cfbundle; includeInIndex = 0; path = BoFTests.xctest; sourceTree = BUILT_PRODUCTS_DIR; };
		2A85436E1E57192D00543B58 /* BoFTests.swift */ = {isa = PBXFileReference; lastKnownFileType = sourcecode.swift; path = BoFTests.swift; sourceTree = "<group>"; };
		2A8543701E57192D00543B58 /* Info.plist */ = {isa = PBXFileReference; lastKnownFileType = text.plist.xml; path = Info.plist; sourceTree = "<group>"; };
		2A8543751E57192D00543B58 /* BoFUITests.xctest */ = {isa = PBXFileReference; explicitFileType = wrapper.cfbundle; includeInIndex = 0; path = BoFUITests.xctest; sourceTree = BUILT_PRODUCTS_DIR; };
		2A8543791E57192D00543B58 /* BoFUITests.swift */ = {isa = PBXFileReference; lastKnownFileType = sourcecode.swift; path = BoFUITests.swift; sourceTree = "<group>"; };
		2A85437B1E57192D00543B58 /* Info.plist */ = {isa = PBXFileReference; lastKnownFileType = text.plist.xml; path = Info.plist; sourceTree = "<group>"; };
		2A8543871E57273800543B58 /* JoinViewController.swift */ = {isa = PBXFileReference; fileEncoding = 4; lastKnownFileType = sourcecode.swift; path = JoinViewController.swift; sourceTree = "<group>"; };
		2A8543891E57289500543B58 /* SetupViewController.swift */ = {isa = PBXFileReference; fileEncoding = 4; lastKnownFileType = sourcecode.swift; path = SetupViewController.swift; sourceTree = "<group>"; };
		2A9FC14E1E6D5A270035FE68 /* BetweenViewController.swift */ = {isa = PBXFileReference; fileEncoding = 4; lastKnownFileType = sourcecode.swift; path = BetweenViewController.swift; sourceTree = "<group>"; };
		2A9FC1501E6D621A0035FE68 /* PlayViewController.swift */ = {isa = PBXFileReference; fileEncoding = 4; lastKnownFileType = sourcecode.swift; path = PlayViewController.swift; sourceTree = "<group>"; };
		3954DBC8C9240400841293DD /* libPods-BoFTests.a */ = {isa = PBXFileReference; explicitFileType = archive.ar; includeInIndex = 0; path = "libPods-BoFTests.a"; sourceTree = BUILT_PRODUCTS_DIR; };
		44DF7E0B5CA9A00C769FCAAA /* Pods-BoFUITests.debug.xcconfig */ = {isa = PBXFileReference; includeInIndex = 1; lastKnownFileType = text.xcconfig; name = "Pods-BoFUITests.debug.xcconfig"; path = "Pods/Target Support Files/Pods-BoFUITests/Pods-BoFUITests.debug.xcconfig"; sourceTree = "<group>"; };
		4FD98B01FFF45357C1CA3D1C /* Pods-BoF.debug.xcconfig */ = {isa = PBXFileReference; includeInIndex = 1; lastKnownFileType = text.xcconfig; name = "Pods-BoF.debug.xcconfig"; path = "Pods/Target Support Files/Pods-BoF/Pods-BoF.debug.xcconfig"; sourceTree = "<group>"; };
		8C4AE95C2B9A28035F41DD23 /* Pods-BoFTests.release.xcconfig */ = {isa = PBXFileReference; includeInIndex = 1; lastKnownFileType = text.xcconfig; name = "Pods-BoFTests.release.xcconfig"; path = "Pods/Target Support Files/Pods-BoFTests/Pods-BoFTests.release.xcconfig"; sourceTree = "<group>"; };
		A3F53C18D6FA2C038FD048FA /* Pods-BoF.release.xcconfig */ = {isa = PBXFileReference; includeInIndex = 1; lastKnownFileType = text.xcconfig; name = "Pods-BoF.release.xcconfig"; path = "Pods/Target Support Files/Pods-BoF/Pods-BoF.release.xcconfig"; sourceTree = "<group>"; };
		AF3DBF28C4F00382084359B9 /* libPods-BoFUITests.a */ = {isa = PBXFileReference; explicitFileType = archive.ar; includeInIndex = 0; path = "libPods-BoFUITests.a"; sourceTree = BUILT_PRODUCTS_DIR; };
		AFDE2590B11D89ABF74D44C0 /* Pods-BoFUITests.release.xcconfig */ = {isa = PBXFileReference; includeInIndex = 1; lastKnownFileType = text.xcconfig; name = "Pods-BoFUITests.release.xcconfig"; path = "Pods/Target Support Files/Pods-BoFUITests/Pods-BoFUITests.release.xcconfig"; sourceTree = "<group>"; };
		D62F04A6AD4204D707BDBC42 /* Pods-BoFTests.debug.xcconfig */ = {isa = PBXFileReference; includeInIndex = 1; lastKnownFileType = text.xcconfig; name = "Pods-BoFTests.debug.xcconfig"; path = "Pods/Target Support Files/Pods-BoFTests/Pods-BoFTests.debug.xcconfig"; sourceTree = "<group>"; };
/* End PBXFileReference section */

/* Begin PBXFrameworksBuildPhase section */
		2A8543531E57192D00543B58 /* Frameworks */ = {
			isa = PBXFrameworksBuildPhase;
			buildActionMask = 2147483647;
			files = (
				213C0772BD05B1EFC0B0AFEB /* libPods-BoF.a in Frameworks */,
			);
			runOnlyForDeploymentPostprocessing = 0;
		};
		2A8543671E57192D00543B58 /* Frameworks */ = {
			isa = PBXFrameworksBuildPhase;
			buildActionMask = 2147483647;
			files = (
				506B68DAED8A711FD6AD1BCC /* libPods-BoFTests.a in Frameworks */,
			);
			runOnlyForDeploymentPostprocessing = 0;
		};
		2A8543721E57192D00543B58 /* Frameworks */ = {
			isa = PBXFrameworksBuildPhase;
			buildActionMask = 2147483647;
			files = (
				24E9E7A93AE04BE05E918F86 /* libPods-BoFUITests.a in Frameworks */,
			);
			runOnlyForDeploymentPostprocessing = 0;
		};
/* End PBXFrameworksBuildPhase section */

/* Begin PBXGroup section */
		2A85434D1E57192D00543B58 = {
			isa = PBXGroup;
			children = (
				2A8543581E57192D00543B58 /* BoF */,
				2A85436D1E57192D00543B58 /* BoFTests */,
				2A8543781E57192D00543B58 /* BoFUITests */,
				2A8543571E57192D00543B58 /* Products */,
				67DE120E550BF7C573FC20AD /* Pods */,
				D733B21D805E6494D71B3B04 /* Frameworks */,
			);
			sourceTree = "<group>";
		};
		2A8543571E57192D00543B58 /* Products */ = {
			isa = PBXGroup;
			children = (
				2A8543561E57192D00543B58 /* BoF.app */,
				2A85436A1E57192D00543B58 /* BoFTests.xctest */,
				2A8543751E57192D00543B58 /* BoFUITests.xctest */,
			);
			name = Products;
			sourceTree = "<group>";
		};
		2A8543581E57192D00543B58 /* BoF */ = {
			isa = PBXGroup;
			children = (
				2A8543591E57192D00543B58 /* AppDelegate.swift */,
				2A85435B1E57192D00543B58 /* ViewController.swift */,
				2A8543871E57273800543B58 /* JoinViewController.swift */,
				2A8543891E57289500543B58 /* SetupViewController.swift */,
				2A85435D1E57192D00543B58 /* Main.storyboard */,
				2A8543601E57192D00543B58 /* Assets.xcassets */,
				2A8543621E57192D00543B58 /* LaunchScreen.storyboard */,
				1BE4B6901E71727D00094D2E /* GoogleService-Info.plist */,
				2A8543651E57192D00543B58 /* Info.plist */,
				2A8036ED1E5AFA6D0027C181 /* DTO.swift */,
				2A9FC14E1E6D5A270035FE68 /* BetweenViewController.swift */,
				2A9FC1501E6D621A0035FE68 /* PlayViewController.swift */,
			);
			path = BoF;
			sourceTree = "<group>";
		};
		2A85436D1E57192D00543B58 /* BoFTests */ = {
			isa = PBXGroup;
			children = (
				2A85436E1E57192D00543B58 /* BoFTests.swift */,
				2A8543701E57192D00543B58 /* Info.plist */,
			);
			path = BoFTests;
			sourceTree = "<group>";
		};
		2A8543781E57192D00543B58 /* BoFUITests */ = {
			isa = PBXGroup;
			children = (
				2A8543791E57192D00543B58 /* BoFUITests.swift */,
				2A85437B1E57192D00543B58 /* Info.plist */,
			);
			path = BoFUITests;
			sourceTree = "<group>";
		};
		67DE120E550BF7C573FC20AD /* Pods */ = {
			isa = PBXGroup;
			children = (
				4FD98B01FFF45357C1CA3D1C /* Pods-BoF.debug.xcconfig */,
				A3F53C18D6FA2C038FD048FA /* Pods-BoF.release.xcconfig */,
				D62F04A6AD4204D707BDBC42 /* Pods-BoFTests.debug.xcconfig */,
				8C4AE95C2B9A28035F41DD23 /* Pods-BoFTests.release.xcconfig */,
				44DF7E0B5CA9A00C769FCAAA /* Pods-BoFUITests.debug.xcconfig */,
				AFDE2590B11D89ABF74D44C0 /* Pods-BoFUITests.release.xcconfig */,
			);
			name = Pods;
			sourceTree = "<group>";
		};
		D733B21D805E6494D71B3B04 /* Frameworks */ = {
			isa = PBXGroup;
			children = (
				090FE909908A36D09D6E59F3 /* libPods-BoF.a */,
				3954DBC8C9240400841293DD /* libPods-BoFTests.a */,
				AF3DBF28C4F00382084359B9 /* libPods-BoFUITests.a */,
			);
			name = Frameworks;
			sourceTree = "<group>";
		};
/* End PBXGroup section */

/* Begin PBXNativeTarget section */
		2A8543551E57192D00543B58 /* BoF */ = {
			isa = PBXNativeTarget;
			buildConfigurationList = 2A85437E1E57192D00543B58 /* Build configuration list for PBXNativeTarget "BoF" */;
			buildPhases = (
				0D14B4583E24D72FBBC71D7F /* [CP] Check Pods Manifest.lock */,
				2A8543521E57192D00543B58 /* Sources */,
				2A8543531E57192D00543B58 /* Frameworks */,
				2A8543541E57192D00543B58 /* Resources */,
				46625661528AC5323D438682 /* [CP] Embed Pods Frameworks */,
				79E1E2F5C0F8EE78C56A3B7F /* [CP] Copy Pods Resources */,
			);
			buildRules = (
			);
			dependencies = (
			);
			name = BoF;
			productName = BoF;
			productReference = 2A8543561E57192D00543B58 /* BoF.app */;
			productType = "com.apple.product-type.application";
		};
		2A8543691E57192D00543B58 /* BoFTests */ = {
			isa = PBXNativeTarget;
			buildConfigurationList = 2A8543811E57192D00543B58 /* Build configuration list for PBXNativeTarget "BoFTests" */;
			buildPhases = (
				66664F5E407646688B697443 /* [CP] Check Pods Manifest.lock */,
				2A8543661E57192D00543B58 /* Sources */,
				2A8543671E57192D00543B58 /* Frameworks */,
				2A8543681E57192D00543B58 /* Resources */,
				B85C09C169ECEA43AD67916B /* [CP] Embed Pods Frameworks */,
				7B6F2C2480C6D6310C688E68 /* [CP] Copy Pods Resources */,
			);
			buildRules = (
			);
			dependencies = (
				2A85436C1E57192D00543B58 /* PBXTargetDependency */,
			);
			name = BoFTests;
			productName = BoFTests;
			productReference = 2A85436A1E57192D00543B58 /* BoFTests.xctest */;
			productType = "com.apple.product-type.bundle.unit-test";
		};
		2A8543741E57192D00543B58 /* BoFUITests */ = {
			isa = PBXNativeTarget;
			buildConfigurationList = 2A8543841E57192D00543B58 /* Build configuration list for PBXNativeTarget "BoFUITests" */;
			buildPhases = (
				AE3EEB431C37E1B801DF07CE /* [CP] Check Pods Manifest.lock */,
				2A8543711E57192D00543B58 /* Sources */,
				2A8543721E57192D00543B58 /* Frameworks */,
				2A8543731E57192D00543B58 /* Resources */,
				8D8478813CB2AA5F98BD639E /* [CP] Embed Pods Frameworks */,
				7C098F23FF4FC6C726A22BA5 /* [CP] Copy Pods Resources */,
			);
			buildRules = (
			);
			dependencies = (
				2A8543771E57192D00543B58 /* PBXTargetDependency */,
			);
			name = BoFUITests;
			productName = BoFUITests;
			productReference = 2A8543751E57192D00543B58 /* BoFUITests.xctest */;
			productType = "com.apple.product-type.bundle.ui-testing";
		};
/* End PBXNativeTarget section */

/* Begin PBXProject section */
		2A85434E1E57192D00543B58 /* Project object */ = {
			isa = PBXProject;
			attributes = {
				LastSwiftUpdateCheck = 0820;
				LastUpgradeCheck = 0820;
				ORGANIZATIONNAME = "Lasse Bonner";
				TargetAttributes = {
					2A8543551E57192D00543B58 = {
						CreatedOnToolsVersion = 8.2.1;
						ProvisioningStyle = Automatic;
					};
					2A8543691E57192D00543B58 = {
						CreatedOnToolsVersion = 8.2.1;
						ProvisioningStyle = Automatic;
						TestTargetID = 2A8543551E57192D00543B58;
					};
					2A8543741E57192D00543B58 = {
						CreatedOnToolsVersion = 8.2.1;
						ProvisioningStyle = Automatic;
						TestTargetID = 2A8543551E57192D00543B58;
					};
				};
			};
			buildConfigurationList = 2A8543511E57192D00543B58 /* Build configuration list for PBXProject "BoF" */;
			compatibilityVersion = "Xcode 3.2";
			developmentRegion = English;
			hasScannedForEncodings = 0;
			knownRegions = (
				en,
				Base,
			);
			mainGroup = 2A85434D1E57192D00543B58;
			productRefGroup = 2A8543571E57192D00543B58 /* Products */;
			projectDirPath = "";
			projectRoot = "";
			targets = (
				2A8543551E57192D00543B58 /* BoF */,
				2A8543691E57192D00543B58 /* BoFTests */,
				2A8543741E57192D00543B58 /* BoFUITests */,
			);
		};
/* End PBXProject section */

/* Begin PBXResourcesBuildPhase section */
		2A8543541E57192D00543B58 /* Resources */ = {
			isa = PBXResourcesBuildPhase;
			buildActionMask = 2147483647;
			files = (
				2A8543641E57192D00543B58 /* LaunchScreen.storyboard in Resources */,
				1BE4B6911E71727D00094D2E /* GoogleService-Info.plist in Resources */,
				2A8543611E57192D00543B58 /* Assets.xcassets in Resources */,
				2A85435F1E57192D00543B58 /* Main.storyboard in Resources */,
			);
			runOnlyForDeploymentPostprocessing = 0;
		};
		2A8543681E57192D00543B58 /* Resources */ = {
			isa = PBXResourcesBuildPhase;
			buildActionMask = 2147483647;
			files = (
			);
			runOnlyForDeploymentPostprocessing = 0;
		};
		2A8543731E57192D00543B58 /* Resources */ = {
			isa = PBXResourcesBuildPhase;
			buildActionMask = 2147483647;
			files = (
			);
			runOnlyForDeploymentPostprocessing = 0;
		};
/* End PBXResourcesBuildPhase section */

/* Begin PBXShellScriptBuildPhase section */
		0D14B4583E24D72FBBC71D7F /* [CP] Check Pods Manifest.lock */ = {
			isa = PBXShellScriptBuildPhase;
			buildActionMask = 2147483647;
			files = (
			);
			inputPaths = (
			);
			name = "[CP] Check Pods Manifest.lock";
			outputPaths = (
			);
			runOnlyForDeploymentPostprocessing = 0;
			shellPath = /bin/sh;
			shellScript = "diff \"${PODS_ROOT}/../Podfile.lock\" \"${PODS_ROOT}/Manifest.lock\" > /dev/null\nif [ $? != 0 ] ; then\n    # print error to STDERR\n    echo \"error: The sandbox is not in sync with the Podfile.lock. Run 'pod install' or update your CocoaPods installation.\" >&2\n    exit 1\nfi\n";
			showEnvVarsInLog = 0;
		};
		46625661528AC5323D438682 /* [CP] Embed Pods Frameworks */ = {
			isa = PBXShellScriptBuildPhase;
			buildActionMask = 2147483647;
			files = (
			);
			inputPaths = (
			);
			name = "[CP] Embed Pods Frameworks";
			outputPaths = (
			);
			runOnlyForDeploymentPostprocessing = 0;
			shellPath = /bin/sh;
			shellScript = "\"${SRCROOT}/Pods/Target Support Files/Pods-BoF/Pods-BoF-frameworks.sh\"\n";
			showEnvVarsInLog = 0;
		};
		66664F5E407646688B697443 /* [CP] Check Pods Manifest.lock */ = {
			isa = PBXShellScriptBuildPhase;
			buildActionMask = 2147483647;
			files = (
			);
			inputPaths = (
			);
			name = "[CP] Check Pods Manifest.lock";
			outputPaths = (
			);
			runOnlyForDeploymentPostprocessing = 0;
			shellPath = /bin/sh;
			shellScript = "diff \"${PODS_ROOT}/../Podfile.lock\" \"${PODS_ROOT}/Manifest.lock\" > /dev/null\nif [ $? != 0 ] ; then\n    # print error to STDERR\n    echo \"error: The sandbox is not in sync with the Podfile.lock. Run 'pod install' or update your CocoaPods installation.\" >&2\n    exit 1\nfi\n";
			showEnvVarsInLog = 0;
		};
		79E1E2F5C0F8EE78C56A3B7F /* [CP] Copy Pods Resources */ = {
			isa = PBXShellScriptBuildPhase;
			buildActionMask = 2147483647;
			files = (
			);
			inputPaths = (
			);
			name = "[CP] Copy Pods Resources";
			outputPaths = (
			);
			runOnlyForDeploymentPostprocessing = 0;
			shellPath = /bin/sh;
			shellScript = "\"${SRCROOT}/Pods/Target Support Files/Pods-BoF/Pods-BoF-resources.sh\"\n";
			showEnvVarsInLog = 0;
		};
		7B6F2C2480C6D6310C688E68 /* [CP] Copy Pods Resources */ = {
			isa = PBXShellScriptBuildPhase;
			buildActionMask = 2147483647;
			files = (
			);
			inputPaths = (
			);
			name = "[CP] Copy Pods Resources";
			outputPaths = (
			);
			runOnlyForDeploymentPostprocessing = 0;
			shellPath = /bin/sh;
			shellScript = "\"${SRCROOT}/Pods/Target Support Files/Pods-BoFTests/Pods-BoFTests-resources.sh\"\n";
			showEnvVarsInLog = 0;
		};
		7C098F23FF4FC6C726A22BA5 /* [CP] Copy Pods Resources */ = {
			isa = PBXShellScriptBuildPhase;
			buildActionMask = 2147483647;
			files = (
			);
			inputPaths = (
			);
			name = "[CP] Copy Pods Resources";
			outputPaths = (
			);
			runOnlyForDeploymentPostprocessing = 0;
			shellPath = /bin/sh;
			shellScript = "\"${SRCROOT}/Pods/Target Support Files/Pods-BoFUITests/Pods-BoFUITests-resources.sh\"\n";
			showEnvVarsInLog = 0;
		};
		8D8478813CB2AA5F98BD639E /* [CP] Embed Pods Frameworks */ = {
			isa = PBXShellScriptBuildPhase;
			buildActionMask = 2147483647;
			files = (
			);
			inputPaths = (
			);
			name = "[CP] Embed Pods Frameworks";
			outputPaths = (
			);
			runOnlyForDeploymentPostprocessing = 0;
			shellPath = /bin/sh;
			shellScript = "\"${SRCROOT}/Pods/Target Support Files/Pods-BoFUITests/Pods-BoFUITests-frameworks.sh\"\n";
			showEnvVarsInLog = 0;
		};
		AE3EEB431C37E1B801DF07CE /* [CP] Check Pods Manifest.lock */ = {
			isa = PBXShellScriptBuildPhase;
			buildActionMask = 2147483647;
			files = (
			);
			inputPaths = (
			);
			name = "[CP] Check Pods Manifest.lock";
			outputPaths = (
			);
			runOnlyForDeploymentPostprocessing = 0;
			shellPath = /bin/sh;
			shellScript = "diff \"${PODS_ROOT}/../Podfile.lock\" \"${PODS_ROOT}/Manifest.lock\" > /dev/null\nif [ $? != 0 ] ; then\n    # print error to STDERR\n    echo \"error: The sandbox is not in sync with the Podfile.lock. Run 'pod install' or update your CocoaPods installation.\" >&2\n    exit 1\nfi\n";
			showEnvVarsInLog = 0;
		};
		B85C09C169ECEA43AD67916B /* [CP] Embed Pods Frameworks */ = {
			isa = PBXShellScriptBuildPhase;
			buildActionMask = 2147483647;
			files = (
			);
			inputPaths = (
			);
			name = "[CP] Embed Pods Frameworks";
			outputPaths = (
			);
			runOnlyForDeploymentPostprocessing = 0;
			shellPath = /bin/sh;
			shellScript = "\"${SRCROOT}/Pods/Target Support Files/Pods-BoFTests/Pods-BoFTests-frameworks.sh\"\n";
			showEnvVarsInLog = 0;
		};
/* End PBXShellScriptBuildPhase section */

/* Begin PBXSourcesBuildPhase section */
		2A8543521E57192D00543B58 /* Sources */ = {
			isa = PBXSourcesBuildPhase;
			buildActionMask = 2147483647;
			files = (
				2A85438A1E57289500543B58 /* SetupViewController.swift in Sources */,
				2A85435C1E57192D00543B58 /* ViewController.swift in Sources */,
				2A8543881E57273800543B58 /* JoinViewController.swift in Sources */,
				2A85435A1E57192D00543B58 /* AppDelegate.swift in Sources */,
				2A8036EE1E5AFA6D0027C181 /* DTO.swift in Sources */,
				2A9FC1511E6D621A0035FE68 /* PlayViewController.swift in Sources */,
				2A9FC14F1E6D5A270035FE68 /* BetweenViewController.swift in Sources */,
			);
			runOnlyForDeploymentPostprocessing = 0;
		};
		2A8543661E57192D00543B58 /* Sources */ = {
			isa = PBXSourcesBuildPhase;
			buildActionMask = 2147483647;
			files = (
				2A85436F1E57192D00543B58 /* BoFTests.swift in Sources */,
			);
			runOnlyForDeploymentPostprocessing = 0;
		};
		2A8543711E57192D00543B58 /* Sources */ = {
			isa = PBXSourcesBuildPhase;
			buildActionMask = 2147483647;
			files = (
				2A85437A1E57192D00543B58 /* BoFUITests.swift in Sources */,
			);
			runOnlyForDeploymentPostprocessing = 0;
		};
/* End PBXSourcesBuildPhase section */

/* Begin PBXTargetDependency section */
		2A85436C1E57192D00543B58 /* PBXTargetDependency */ = {
			isa = PBXTargetDependency;
			target = 2A8543551E57192D00543B58 /* BoF */;
			targetProxy = 2A85436B1E57192D00543B58 /* PBXContainerItemProxy */;
		};
		2A8543771E57192D00543B58 /* PBXTargetDependency */ = {
			isa = PBXTargetDependency;
			target = 2A8543551E57192D00543B58 /* BoF */;
			targetProxy = 2A8543761E57192D00543B58 /* PBXContainerItemProxy */;
		};
/* End PBXTargetDependency section */

/* Begin PBXVariantGroup section */
		2A85435D1E57192D00543B58 /* Main.storyboard */ = {
			isa = PBXVariantGroup;
			children = (
				2A85435E1E57192D00543B58 /* Base */,
			);
			name = Main.storyboard;
			sourceTree = "<group>";
		};
		2A8543621E57192D00543B58 /* LaunchScreen.storyboard */ = {
			isa = PBXVariantGroup;
			children = (
				2A8543631E57192D00543B58 /* Base */,
			);
			name = LaunchScreen.storyboard;
			sourceTree = "<group>";
		};
/* End PBXVariantGroup section */

/* Begin XCBuildConfiguration section */
		2A85437C1E57192D00543B58 /* Debug */ = {
			isa = XCBuildConfiguration;
			buildSettings = {
				ALWAYS_SEARCH_USER_PATHS = NO;
				CLANG_ANALYZER_NONNULL = YES;
				CLANG_CXX_LANGUAGE_STANDARD = "gnu++0x";
				CLANG_CXX_LIBRARY = "libc++";
				CLANG_ENABLE_MODULES = YES;
				CLANG_ENABLE_OBJC_ARC = YES;
				CLANG_WARN_BOOL_CONVERSION = YES;
				CLANG_WARN_CONSTANT_CONVERSION = YES;
				CLANG_WARN_DIRECT_OBJC_ISA_USAGE = YES_ERROR;
				CLANG_WARN_DOCUMENTATION_COMMENTS = YES;
				CLANG_WARN_EMPTY_BODY = YES;
				CLANG_WARN_ENUM_CONVERSION = YES;
				CLANG_WARN_INFINITE_RECURSION = YES;
				CLANG_WARN_INT_CONVERSION = YES;
				CLANG_WARN_OBJC_ROOT_CLASS = YES_ERROR;
				CLANG_WARN_SUSPICIOUS_MOVE = YES;
				CLANG_WARN_UNREACHABLE_CODE = YES;
				CLANG_WARN__DUPLICATE_METHOD_MATCH = YES;
				"CODE_SIGN_IDENTITY[sdk=iphoneos*]" = "iPhone Developer";
				COPY_PHASE_STRIP = NO;
				DEBUG_INFORMATION_FORMAT = dwarf;
				ENABLE_STRICT_OBJC_MSGSEND = YES;
				ENABLE_TESTABILITY = YES;
				GCC_C_LANGUAGE_STANDARD = gnu99;
				GCC_DYNAMIC_NO_PIC = NO;
				GCC_NO_COMMON_BLOCKS = YES;
				GCC_OPTIMIZATION_LEVEL = 0;
				GCC_PREPROCESSOR_DEFINITIONS = (
					"DEBUG=1",
					"$(inherited)",
				);
				GCC_WARN_64_TO_32_BIT_CONVERSION = YES;
				GCC_WARN_ABOUT_RETURN_TYPE = YES_ERROR;
				GCC_WARN_UNDECLARED_SELECTOR = YES;
				GCC_WARN_UNINITIALIZED_AUTOS = YES_AGGRESSIVE;
				GCC_WARN_UNUSED_FUNCTION = YES;
				GCC_WARN_UNUSED_VARIABLE = YES;
				IPHONEOS_DEPLOYMENT_TARGET = 10.2;
				MTL_ENABLE_DEBUG_INFO = YES;
				ONLY_ACTIVE_ARCH = YES;
				SDKROOT = iphoneos;
				SWIFT_ACTIVE_COMPILATION_CONDITIONS = DEBUG;
				SWIFT_OPTIMIZATION_LEVEL = "-Onone";
				TARGETED_DEVICE_FAMILY = "1,2";
			};
			name = Debug;
		};
		2A85437D1E57192D00543B58 /* Release */ = {
			isa = XCBuildConfiguration;
			buildSettings = {
				ALWAYS_SEARCH_USER_PATHS = NO;
				CLANG_ANALYZER_NONNULL = YES;
				CLANG_CXX_LANGUAGE_STANDARD = "gnu++0x";
				CLANG_CXX_LIBRARY = "libc++";
				CLANG_ENABLE_MODULES = YES;
				CLANG_ENABLE_OBJC_ARC = YES;
				CLANG_WARN_BOOL_CONVERSION = YES;
				CLANG_WARN_CONSTANT_CONVERSION = YES;
				CLANG_WARN_DIRECT_OBJC_ISA_USAGE = YES_ERROR;
				CLANG_WARN_DOCUMENTATION_COMMENTS = YES;
				CLANG_WARN_EMPTY_BODY = YES;
				CLANG_WARN_ENUM_CONVERSION = YES;
				CLANG_WARN_INFINITE_RECURSION = YES;
				CLANG_WARN_INT_CONVERSION = YES;
				CLANG_WARN_OBJC_ROOT_CLASS = YES_ERROR;
				CLANG_WARN_SUSPICIOUS_MOVE = YES;
				CLANG_WARN_UNREACHABLE_CODE = YES;
				CLANG_WARN__DUPLICATE_METHOD_MATCH = YES;
				"CODE_SIGN_IDENTITY[sdk=iphoneos*]" = "iPhone Developer";
				COPY_PHASE_STRIP = NO;
				DEBUG_INFORMATION_FORMAT = "dwarf-with-dsym";
				ENABLE_NS_ASSERTIONS = NO;
				ENABLE_STRICT_OBJC_MSGSEND = YES;
				GCC_C_LANGUAGE_STANDARD = gnu99;
				GCC_NO_COMMON_BLOCKS = YES;
				GCC_WARN_64_TO_32_BIT_CONVERSION = YES;
				GCC_WARN_ABOUT_RETURN_TYPE = YES_ERROR;
				GCC_WARN_UNDECLARED_SELECTOR = YES;
				GCC_WARN_UNINITIALIZED_AUTOS = YES_AGGRESSIVE;
				GCC_WARN_UNUSED_FUNCTION = YES;
				GCC_WARN_UNUSED_VARIABLE = YES;
				IPHONEOS_DEPLOYMENT_TARGET = 10.2;
				MTL_ENABLE_DEBUG_INFO = NO;
				SDKROOT = iphoneos;
				SWIFT_OPTIMIZATION_LEVEL = "-Owholemodule";
				TARGETED_DEVICE_FAMILY = "1,2";
				VALIDATE_PRODUCT = YES;
			};
			name = Release;
		};
		2A85437F1E57192D00543B58 /* Debug */ = {
			isa = XCBuildConfiguration;
			baseConfigurationReference = 4FD98B01FFF45357C1CA3D1C /* Pods-BoF.debug.xcconfig */;
			buildSettings = {
				ASSETCATALOG_COMPILER_APPICON_NAME = AppIcon;
				INFOPLIST_FILE = BoF/Info.plist;
				LD_RUNPATH_SEARCH_PATHS = "$(inherited) @executable_path/Frameworks";
				PRODUCT_BUNDLE_IDENTIFIER = BonBuhl.BoF;
				PRODUCT_NAME = "$(TARGET_NAME)";
				SWIFT_VERSION = 3.0;
			};
			name = Debug;
		};
		2A8543801E57192D00543B58 /* Release */ = {
			isa = XCBuildConfiguration;
			baseConfigurationReference = A3F53C18D6FA2C038FD048FA /* Pods-BoF.release.xcconfig */;
			buildSettings = {
				ASSETCATALOG_COMPILER_APPICON_NAME = AppIcon;
				INFOPLIST_FILE = BoF/Info.plist;
				LD_RUNPATH_SEARCH_PATHS = "$(inherited) @executable_path/Frameworks";
				PRODUCT_BUNDLE_IDENTIFIER = BonBuhl.BoF;
				PRODUCT_NAME = "$(TARGET_NAME)";
				SWIFT_VERSION = 3.0;
			};
			name = Release;
		};
		2A8543821E57192D00543B58 /* Debug */ = {
			isa = XCBuildConfiguration;
			baseConfigurationReference = D62F04A6AD4204D707BDBC42 /* Pods-BoFTests.debug.xcconfig */;
			buildSettings = {
				ALWAYS_EMBED_SWIFT_STANDARD_LIBRARIES = YES;
				BUNDLE_LOADER = "$(TEST_HOST)";
				INFOPLIST_FILE = BoFTests/Info.plist;
				LD_RUNPATH_SEARCH_PATHS = "$(inherited) @executable_path/Frameworks @loader_path/Frameworks";
				PRODUCT_BUNDLE_IDENTIFIER = BonBuhl.BoFTests;
				PRODUCT_NAME = "$(TARGET_NAME)";
				SWIFT_VERSION = 3.0;
				TEST_HOST = "$(BUILT_PRODUCTS_DIR)/BoF.app/BoF";
			};
			name = Debug;
		};
		2A8543831E57192D00543B58 /* Release */ = {
			isa = XCBuildConfiguration;
			baseConfigurationReference = 8C4AE95C2B9A28035F41DD23 /* Pods-BoFTests.release.xcconfig */;
			buildSettings = {
				ALWAYS_EMBED_SWIFT_STANDARD_LIBRARIES = YES;
				BUNDLE_LOADER = "$(TEST_HOST)";
				INFOPLIST_FILE = BoFTests/Info.plist;
				LD_RUNPATH_SEARCH_PATHS = "$(inherited) @executable_path/Frameworks @loader_path/Frameworks";
				PRODUCT_BUNDLE_IDENTIFIER = BonBuhl.BoFTests;
				PRODUCT_NAME = "$(TARGET_NAME)";
				SWIFT_VERSION = 3.0;
				TEST_HOST = "$(BUILT_PRODUCTS_DIR)/BoF.app/BoF";
			};
			name = Release;
		};
		2A8543851E57192D00543B58 /* Debug */ = {
			isa = XCBuildConfiguration;
			baseConfigurationReference = 44DF7E0B5CA9A00C769FCAAA /* Pods-BoFUITests.debug.xcconfig */;
			buildSettings = {
				ALWAYS_EMBED_SWIFT_STANDARD_LIBRARIES = YES;
				INFOPLIST_FILE = BoFUITests/Info.plist;
				LD_RUNPATH_SEARCH_PATHS = "$(inherited) @executable_path/Frameworks @loader_path/Frameworks";
				PRODUCT_BUNDLE_IDENTIFIER = BonBuhl.BoFUITests;
				PRODUCT_NAME = "$(TARGET_NAME)";
				SWIFT_VERSION = 3.0;
				TEST_TARGET_NAME = BoF;
			};
			name = Debug;
		};
		2A8543861E57192D00543B58 /* Release */ = {
			isa = XCBuildConfiguration;
			baseConfigurationReference = AFDE2590B11D89ABF74D44C0 /* Pods-BoFUITests.release.xcconfig */;
			buildSettings = {
				ALWAYS_EMBED_SWIFT_STANDARD_LIBRARIES = YES;
				INFOPLIST_FILE = BoFUITests/Info.plist;
				LD_RUNPATH_SEARCH_PATHS = "$(inherited) @executable_path/Frameworks @loader_path/Frameworks";
				PRODUCT_BUNDLE_IDENTIFIER = BonBuhl.BoFUITests;
				PRODUCT_NAME = "$(TARGET_NAME)";
				SWIFT_VERSION = 3.0;
				TEST_TARGET_NAME = BoF;
			};
			name = Release;
		};
/* End XCBuildConfiguration section */

/* Begin XCConfigurationList section */
		2A8543511E57192D00543B58 /* Build configuration list for PBXProject "BoF" */ = {
			isa = XCConfigurationList;
			buildConfigurations = (
				2A85437C1E57192D00543B58 /* Debug */,
				2A85437D1E57192D00543B58 /* Release */,
			);
			defaultConfigurationIsVisible = 0;
			defaultConfigurationName = Release;
		};
		2A85437E1E57192D00543B58 /* Build configuration list for PBXNativeTarget "BoF" */ = {
			isa = XCConfigurationList;
			buildConfigurations = (
				2A85437F1E57192D00543B58 /* Debug */,
				2A8543801E57192D00543B58 /* Release */,
			);
			defaultConfigurationIsVisible = 0;
			defaultConfigurationName = Release;
		};
		2A8543811E57192D00543B58 /* Build configuration list for PBXNativeTarget "BoFTests" */ = {
			isa = XCConfigurationList;
			buildConfigurations = (
				2A8543821E57192D00543B58 /* Debug */,
				2A8543831E57192D00543B58 /* Release */,
			);
			defaultConfigurationIsVisible = 0;
			defaultConfigurationName = Release;
		};
		2A8543841E57192D00543B58 /* Build configuration list for PBXNativeTarget "BoFUITests" */ = {
			isa = XCConfigurationList;
			buildConfigurations = (
				2A8543851E57192D00543B58 /* Debug */,
				2A8543861E57192D00543B58 /* Release */,
			);
			defaultConfigurationIsVisible = 0;
			defaultConfigurationName = Release;
		};
/* End XCConfigurationList section */
	};
	rootObject = 2A85434E1E57192D00543B58 /* Project object */;
}
